
Microsoft Visual Studio Solution File, Format Version 12.00
# Visual Studio Version 17
VisualStudioVersion = 17.11.35208.52
MinimumVisualStudioVersion = 10.0.40219.1
Project("{8BC9CEB8-8B4A-11D0-8D11-00A0C91BC942}") = "#9 Print Middle Row and Col of Matrix", "#9 Print Middle Row and Col of Matrix\#9 Print Middle Row and Col of Matrix.vcxproj", "{E9EB3E59-44FE-40C3-B716-EBCF70D1F8DE}"
EndProject
Global
	GlobalSection(SolutionConfigurationPlatforms) = preSolution
		Debug|x64 = Debug|x64
		Debug|x86 = Debug|x86
		Release|x64 = Release|x64
		Release|x86 = Release|x86
	EndGlobalSection
	GlobalSection(ProjectConfigurationPlatforms) = postSolution
		{E9EB3E59-44FE-40C3-B716-EBCF70D1F8DE}.Debug|x64.ActiveCfg = Debug|x64
		{E9EB3E59-44FE-40C3-B716-EBCF70D1F8DE}.Debug|x64.Build.0 = Debug|x64
		{E9EB3E59-44FE-40C3-B716-EBCF70D1F8DE}.Debug|x86.ActiveCfg = Debug|Win32
		{E9EB3E59-44FE-40C3-B716-EBCF70D1F8DE}.Debug|x86.Build.0 = Debug|Win32
		{E9EB3E59-44FE-40C3-B716-EBCF70D1F8DE}.Release|x64.ActiveCfg = Release|x64
		{E9EB3E59-44FE-40C3-B716-EBCF70D1F8DE}.Release|x64.Build.0 = Release|x64
		{E9EB3E59-44FE-40C3-B716-EBCF70D1F8DE}.Release|x86.ActiveCfg = Release|Win32
		{E9EB3E59-44FE-40C3-B716-EBCF70D1F8DE}.Release|x86.Build.0 = Release|Win32
	EndGlobalSection
	GlobalSection(SolutionProperties) = preSolution
		HideSolutionNode = FALSE
	EndGlobalSection
	GlobalSection(ExtensibilityGlobals) = postSolution
		SolutionGuid = {11EB607A-F662-4208-96EE-FE9D5CD98BF2}
	EndGlobalSection
EndGlobal
